
Microsoft Visual Studio Solution File, Format Version 12.00
# Visual Studio Version 16
VisualStudioVersion = 16.0.30611.23
MinimumVisualStudioVersion = 10.0.40219.1
Project("{FAE04EC0-301F-11D3-BF4B-00C04F79EFBC}") = "ejercicio1", "ejercicio1.csproj", "{CBD0D693-54D3-47B4-8BE6-DDEA6BAB1E9E}"
EndProject
Global
	GlobalSection(SolutionConfigurationPlatforms) = preSolution
		Debug|Any CPU = Debug|Any CPU
		Release|Any CPU = Release|Any CPU
	EndGlobalSection
	GlobalSection(ProjectConfigurationPlatforms) = postSolution
		{CBD0D693-54D3-47B4-8BE6-DDEA6BAB1E9E}.Debug|Any CPU.ActiveCfg = Debug|Any CPU
		{CBD0D693-54D3-47B4-8BE6-DDEA6BAB1E9E}.Debug|Any CPU.Build.0 = Debug|Any CPU
		{CBD0D693-54D3-47B4-8BE6-DDEA6BAB1E9E}.Release|Any CPU.ActiveCfg = Release|Any CPU
		{CBD0D693-54D3-47B4-8BE6-DDEA6BAB1E9E}.Release|Any CPU.Build.0 = Release|Any CPU
	EndGlobalSection
	GlobalSection(SolutionProperties) = preSolution
		HideSolutionNode = FALSE
	EndGlobalSection
	GlobalSection(ExtensibilityGlobals) = postSolution
		SolutionGuid = {BDE293EB-E31C-4B7B-8D5D-E5196CA3526C}
	EndGlobalSection
EndGlobal
